
Microsoft Visual Studio Solution File, Format Version 12.00
# Visual Studio Version 16
VisualStudioVersion = 16.0.29025.244
MinimumVisualStudioVersion = 10.0.40219.1
Project("{FAE04EC0-301F-11D3-BF4B-00C04F79EFBC}") = "RabbitCrawler", "RabbitCrawler\RabbitCrawler.csproj", "{3E3FCCAF-B2CD-4AFD-AB94-B8B67539D099}"
EndProject
Project("{FAE04EC0-301F-11D3-BF4B-00C04F79EFBC}") = "RabbitIndexer", "RabbitIndexer\RabbitIndexer.csproj", "{7007D60F-7D52-454D-B709-ABB5031A6062}"
EndProject
Project("{FAE04EC0-301F-11D3-BF4B-00C04F79EFBC}") = "RabbitLogger", "RabbitLogger\RabbitLogger.csproj", "{49E915A4-1A67-4913-B2E5-667DA3A2B7A3}"
EndProject
Global
	GlobalSection(SolutionConfigurationPlatforms) = preSolution
		Debug|Any CPU = Debug|Any CPU
		Release|Any CPU = Release|Any CPU
	EndGlobalSection
	GlobalSection(ProjectConfigurationPlatforms) = postSolution
		{3E3FCCAF-B2CD-4AFD-AB94-B8B67539D099}.Debug|Any CPU.ActiveCfg = Debug|Any CPU
		{3E3FCCAF-B2CD-4AFD-AB94-B8B67539D099}.Debug|Any CPU.Build.0 = Debug|Any CPU
		{3E3FCCAF-B2CD-4AFD-AB94-B8B67539D099}.Release|Any CPU.ActiveCfg = Release|Any CPU
		{3E3FCCAF-B2CD-4AFD-AB94-B8B67539D099}.Release|Any CPU.Build.0 = Release|Any CPU
		{7007D60F-7D52-454D-B709-ABB5031A6062}.Debug|Any CPU.ActiveCfg = Debug|Any CPU
		{7007D60F-7D52-454D-B709-ABB5031A6062}.Debug|Any CPU.Build.0 = Debug|Any CPU
		{7007D60F-7D52-454D-B709-ABB5031A6062}.Release|Any CPU.ActiveCfg = Release|Any CPU
		{7007D60F-7D52-454D-B709-ABB5031A6062}.Release|Any CPU.Build.0 = Release|Any CPU
		{49E915A4-1A67-4913-B2E5-667DA3A2B7A3}.Debug|Any CPU.ActiveCfg = Debug|Any CPU
		{49E915A4-1A67-4913-B2E5-667DA3A2B7A3}.Debug|Any CPU.Build.0 = Debug|Any CPU
		{49E915A4-1A67-4913-B2E5-667DA3A2B7A3}.Release|Any CPU.ActiveCfg = Release|Any CPU
		{49E915A4-1A67-4913-B2E5-667DA3A2B7A3}.Release|Any CPU.Build.0 = Release|Any CPU
	EndGlobalSection
	GlobalSection(SolutionProperties) = preSolution
		HideSolutionNode = FALSE
	EndGlobalSection
	GlobalSection(ExtensibilityGlobals) = postSolution
		SolutionGuid = {0093AAE4-4938-48F7-BE61-8EEE51B84C4B}
	EndGlobalSection
EndGlobal
